
Microsoft Visual Studio Solution File, Format Version 12.00
# Visual Studio Version 17
VisualStudioVersion = 17.10.34928.147
MinimumVisualStudioVersion = 10.0.40219.1
Project("{FAE04EC0-301F-11D3-BF4B-00C04F79EFBC}") = "BucleForEach", "BucleForEach\BucleForEach.csproj", "{18457EF7-1BAB-4960-BA0A-3871D8E649A3}"
EndProject
Global
	GlobalSection(SolutionConfigurationPlatforms) = preSolution
		Debug|Any CPU = Debug|Any CPU
		Release|Any CPU = Release|Any CPU
	EndGlobalSection
	GlobalSection(ProjectConfigurationPlatforms) = postSolution
		{18457EF7-1BAB-4960-BA0A-3871D8E649A3}.Debug|Any CPU.ActiveCfg = Debug|Any CPU
		{18457EF7-1BAB-4960-BA0A-3871D8E649A3}.Debug|Any CPU.Build.0 = Debug|Any CPU
		{18457EF7-1BAB-4960-BA0A-3871D8E649A3}.Release|Any CPU.ActiveCfg = Release|Any CPU
		{18457EF7-1BAB-4960-BA0A-3871D8E649A3}.Release|Any CPU.Build.0 = Release|Any CPU
	EndGlobalSection
	GlobalSection(SolutionProperties) = preSolution
		HideSolutionNode = FALSE
	EndGlobalSection
	GlobalSection(ExtensibilityGlobals) = postSolution
		SolutionGuid = {F8FEA89C-05E2-4F78-8395-04774934DEF7}
	EndGlobalSection
EndGlobal
