
Microsoft Visual Studio Solution File, Format Version 12.00
# Visual Studio Version 17
VisualStudioVersion = 17.10.34928.147
MinimumVisualStudioVersion = 10.0.40219.1
Project("{FAE04EC0-301F-11D3-BF4B-00C04F79EFBC}") = "CondicionalSwitch", "CondicionalSwitch\CondicionalSwitch.csproj", "{0874C278-7142-4AFE-8572-517C05EAFBD8}"
EndProject
Global
	GlobalSection(SolutionConfigurationPlatforms) = preSolution
		Debug|Any CPU = Debug|Any CPU
		Release|Any CPU = Release|Any CPU
	EndGlobalSection
	GlobalSection(ProjectConfigurationPlatforms) = postSolution
		{0874C278-7142-4AFE-8572-517C05EAFBD8}.Debug|Any CPU.ActiveCfg = Debug|Any CPU
		{0874C278-7142-4AFE-8572-517C05EAFBD8}.Debug|Any CPU.Build.0 = Debug|Any CPU
		{0874C278-7142-4AFE-8572-517C05EAFBD8}.Release|Any CPU.ActiveCfg = Release|Any CPU
		{0874C278-7142-4AFE-8572-517C05EAFBD8}.Release|Any CPU.Build.0 = Release|Any CPU
	EndGlobalSection
	GlobalSection(SolutionProperties) = preSolution
		HideSolutionNode = FALSE
	EndGlobalSection
	GlobalSection(ExtensibilityGlobals) = postSolution
		SolutionGuid = {DCAE37DD-64D9-4823-8B94-A12B2EF6682B}
	EndGlobalSection
EndGlobal
