
Microsoft Visual Studio Solution File, Format Version 12.00
# Visual Studio Version 17
VisualStudioVersion = 17.9.34714.143
MinimumVisualStudioVersion = 10.0.40219.1
Project("{FAE04EC0-301F-11D3-BF4B-00C04F79EFBC}") = "ClasesYObjetos", "ClasesYObjetos\ClasesYObjetos.csproj", "{A7C8FFDE-061A-4609-95C6-9F19A1ECA451}"
EndProject
Global
	GlobalSection(SolutionConfigurationPlatforms) = preSolution
		Debug|Any CPU = Debug|Any CPU
		Release|Any CPU = Release|Any CPU
	EndGlobalSection
	GlobalSection(ProjectConfigurationPlatforms) = postSolution
		{A7C8FFDE-061A-4609-95C6-9F19A1ECA451}.Debug|Any CPU.ActiveCfg = Debug|Any CPU
		{A7C8FFDE-061A-4609-95C6-9F19A1ECA451}.Debug|Any CPU.Build.0 = Debug|Any CPU
		{A7C8FFDE-061A-4609-95C6-9F19A1ECA451}.Release|Any CPU.ActiveCfg = Release|Any CPU
		{A7C8FFDE-061A-4609-95C6-9F19A1ECA451}.Release|Any CPU.Build.0 = Release|Any CPU
	EndGlobalSection
	GlobalSection(SolutionProperties) = preSolution
		HideSolutionNode = FALSE
	EndGlobalSection
	GlobalSection(ExtensibilityGlobals) = postSolution
		SolutionGuid = {6C8EEAE2-39F4-4559-B014-26EE6AC53BC5}
	EndGlobalSection
EndGlobal
